
Microsoft Visual Studio Solution File, Format Version 12.00
# Visual Studio 14
VisualStudioVersion = 14.0.25420.1
MinimumVisualStudioVersion = 10.0.40219.1
Project("{FAE04EC0-301F-11D3-BF4B-00C04F79EFBC}") = "AkinatorEngine", "Akinator\AkinatorEngine.csproj", "{AB1C4ED7-FAC7-4C36-9245-358FECAE870E}"
EndProject
Project("{FAE04EC0-301F-11D3-BF4B-00C04F79EFBC}") = "MedAkinator", "MedAkinator\MedAkinator.csproj", "{DD9D05A6-DF4F-4D70-B011-A8445CB8DDB2}"
EndProject
Global
	GlobalSection(SolutionConfigurationPlatforms) = preSolution
		Debug|Any CPU = Debug|Any CPU
		Release|Any CPU = Release|Any CPU
	EndGlobalSection
	GlobalSection(ProjectConfigurationPlatforms) = postSolution
		{AB1C4ED7-FAC7-4C36-9245-358FECAE870E}.Debug|Any CPU.ActiveCfg = Debug|Any CPU
		{AB1C4ED7-FAC7-4C36-9245-358FECAE870E}.Debug|Any CPU.Build.0 = Debug|Any CPU
		{AB1C4ED7-FAC7-4C36-9245-358FECAE870E}.Release|Any CPU.ActiveCfg = Release|Any CPU
		{AB1C4ED7-FAC7-4C36-9245-358FECAE870E}.Release|Any CPU.Build.0 = Release|Any CPU
		{DD9D05A6-DF4F-4D70-B011-A8445CB8DDB2}.Debug|Any CPU.ActiveCfg = Debug|Any CPU
		{DD9D05A6-DF4F-4D70-B011-A8445CB8DDB2}.Debug|Any CPU.Build.0 = Debug|Any CPU
		{DD9D05A6-DF4F-4D70-B011-A8445CB8DDB2}.Release|Any CPU.ActiveCfg = Release|Any CPU
		{DD9D05A6-DF4F-4D70-B011-A8445CB8DDB2}.Release|Any CPU.Build.0 = Release|Any CPU
	EndGlobalSection
	GlobalSection(SolutionProperties) = preSolution
		HideSolutionNode = FALSE
	EndGlobalSection
EndGlobal
